
Microsoft Visual Studio Solution File, Format Version 12.00
# Visual Studio 15
Project("{FAE04EC0-301F-11D3-BF4B-00C04F79EFBC}") = "Assembly-CSharp", "Assembly-CSharp.csproj", "{2FCFC105-A61D-C710-4D80-126E8DA2370E}"
EndProject
Project("{FAE04EC0-301F-11D3-BF4B-00C04F79EFBC}") = "Assembly-CSharp-Editor", "Assembly-CSharp-Editor.csproj", "{D65394DA-CA6A-8B06-4329-CD13CE8707F6}"
EndProject
Global
	GlobalSection(SolutionConfigurationPlatforms) = preSolution
		Debug|Any CPU = Debug|Any CPU
		Release|Any CPU = Release|Any CPU
	EndGlobalSection
	GlobalSection(ProjectConfigurationPlatforms) = postSolution
		{2FCFC105-A61D-C710-4D80-126E8DA2370E}.Debug|Any CPU.ActiveCfg = Debug|Any CPU
		{2FCFC105-A61D-C710-4D80-126E8DA2370E}.Debug|Any CPU.Build.0 = Debug|Any CPU
		{2FCFC105-A61D-C710-4D80-126E8DA2370E}.Release|Any CPU.ActiveCfg = Release|Any CPU
		{2FCFC105-A61D-C710-4D80-126E8DA2370E}.Release|Any CPU.Build.0 = Release|Any CPU
		{D65394DA-CA6A-8B06-4329-CD13CE8707F6}.Debug|Any CPU.ActiveCfg = Debug|Any CPU
		{D65394DA-CA6A-8B06-4329-CD13CE8707F6}.Debug|Any CPU.Build.0 = Debug|Any CPU
		{D65394DA-CA6A-8B06-4329-CD13CE8707F6}.Release|Any CPU.ActiveCfg = Release|Any CPU
		{D65394DA-CA6A-8B06-4329-CD13CE8707F6}.Release|Any CPU.Build.0 = Release|Any CPU
	EndGlobalSection
	GlobalSection(SolutionProperties) = preSolution
		HideSolutionNode = FALSE
	EndGlobalSection
EndGlobal
